
Microsoft Visual Studio Solution File, Format Version 12.00
# Visual Studio Version 17
VisualStudioVersion = 17.14.36202.13
MinimumVisualStudioVersion = 10.0.40219.1
Project("{2150E333-8FDC-42A3-9474-1A3956D46DE8}") = "Vue", "Vue", "{02EA681E-C7D8-13C7-8484-4AC65E1B71E8}"
EndProject
Project("{2150E333-8FDC-42A3-9474-1A3956D46DE8}") = "Mvc", "Mvc", "{CB69B98E-96E7-C360-5784-DBE29CFD4E36}"
EndProject
Project("{FAE04EC0-301F-11D3-BF4B-00C04F79EFBC}") = "PekMvc", "Mvc\PekMvc\PekMvc.csproj", "{FCF77BB5-DDCF-F792-8FE7-CAFA1E4DC5C3}"
EndProject
Project("{54A90642-561A-4BB1-A94E-469ADEE60C69}") = "pek.vuenetcoret.client", "VueZero\pek.vuenetcoret.client\pek.vuenetcoret.client.esproj", "{127AD24B-3E79-24FC-D3D3-FFF05320F585}"
EndProject
Project("{FAE04EC0-301F-11D3-BF4B-00C04F79EFBC}") = "Pek.VueNetCoreT.Server", "VueZero\Pek.VueNetCoreT.Server\Pek.VueNetCoreT.Server.csproj", "{E9A17796-73DB-4E50-4984-FF4CC91D9753}"
EndProject
Global
	GlobalSection(SolutionConfigurationPlatforms) = preSolution
		Debug|Any CPU = Debug|Any CPU
		Release|Any CPU = Release|Any CPU
	EndGlobalSection
	GlobalSection(ProjectConfigurationPlatforms) = postSolution
		{FCF77BB5-DDCF-F792-8FE7-CAFA1E4DC5C3}.Debug|Any CPU.ActiveCfg = Debug|Any CPU
		{FCF77BB5-DDCF-F792-8FE7-CAFA1E4DC5C3}.Debug|Any CPU.Build.0 = Debug|Any CPU
		{FCF77BB5-DDCF-F792-8FE7-CAFA1E4DC5C3}.Release|Any CPU.ActiveCfg = Release|Any CPU
		{FCF77BB5-DDCF-F792-8FE7-CAFA1E4DC5C3}.Release|Any CPU.Build.0 = Release|Any CPU
		{127AD24B-3E79-24FC-D3D3-FFF05320F585}.Debug|Any CPU.ActiveCfg = Debug|Any CPU
		{127AD24B-3E79-24FC-D3D3-FFF05320F585}.Debug|Any CPU.Build.0 = Debug|Any CPU
		{127AD24B-3E79-24FC-D3D3-FFF05320F585}.Debug|Any CPU.Deploy.0 = Debug|Any CPU
		{127AD24B-3E79-24FC-D3D3-FFF05320F585}.Release|Any CPU.ActiveCfg = Release|Any CPU
		{127AD24B-3E79-24FC-D3D3-FFF05320F585}.Release|Any CPU.Build.0 = Release|Any CPU
		{127AD24B-3E79-24FC-D3D3-FFF05320F585}.Release|Any CPU.Deploy.0 = Release|Any CPU
		{E9A17796-73DB-4E50-4984-FF4CC91D9753}.Debug|Any CPU.ActiveCfg = Debug|Any CPU
		{E9A17796-73DB-4E50-4984-FF4CC91D9753}.Debug|Any CPU.Build.0 = Debug|Any CPU
		{E9A17796-73DB-4E50-4984-FF4CC91D9753}.Release|Any CPU.ActiveCfg = Release|Any CPU
		{E9A17796-73DB-4E50-4984-FF4CC91D9753}.Release|Any CPU.Build.0 = Release|Any CPU
	EndGlobalSection
	GlobalSection(SolutionProperties) = preSolution
		HideSolutionNode = FALSE
	EndGlobalSection
	GlobalSection(NestedProjects) = preSolution
		{FCF77BB5-DDCF-F792-8FE7-CAFA1E4DC5C3} = {CB69B98E-96E7-C360-5784-DBE29CFD4E36}
		{127AD24B-3E79-24FC-D3D3-FFF05320F585} = {02EA681E-C7D8-13C7-8484-4AC65E1B71E8}
		{E9A17796-73DB-4E50-4984-FF4CC91D9753} = {02EA681E-C7D8-13C7-8484-4AC65E1B71E8}
	EndGlobalSection
	GlobalSection(ExtensibilityGlobals) = postSolution
		SolutionGuid = {706D6544-F8EE-4B8E-8E39-1A0D49B42C10}
	EndGlobalSection
EndGlobal
